// !$*UTF8*$!
{
	archiveVersion = 1;
	classes = {
	};
	objectVersion = 46;
	objects = {

/* Begin PBXBuildFile section */
		F20D47BD14C740A3001D31CA /* AppDelegate.m in Sources */ = {isa = PBXBuildFile; fileRef = F20D47B714C740A3001D31CA /* AppDelegate.m */; };
		F20D47BE14C740A3001D31CA /* InfoPlist.strings in Resources */ = {isa = PBXBuildFile; fileRef = F20D47B814C740A3001D31CA /* InfoPlist.strings */; };
		F20D47C014C740A3001D31CA /* main.m in Sources */ = {isa = PBXBuildFile; fileRef = F20D47BC14C740A3001D31CA /* main.m */; };
		F20D47C514C74306001D31CA /* SOLogger.m in Sources */ = {isa = PBXBuildFile; fileRef = F20D47C414C74306001D31CA /* SOLogger.m */; };
		F20D47C614C74306001D31CA /* SOLogger.m in Sources */ = {isa = PBXBuildFile; fileRef = F20D47C414C74306001D31CA /* SOLogger.m */; };
		F20D47C714C74306001D31CA /* SOLogger.m in Sources */ = {isa = PBXBuildFile; fileRef = F20D47C414C74306001D31CA /* SOLogger.m */; };
		F24468EC14C638E4005D4C0C /* InfoPlist.strings in Resources */ = {isa = PBXBuildFile; fileRef = F24468EA14C638E4005D4C0C /* InfoPlist.strings */; };
		F24468F414C63924005D4C0C /* MultipleLoggerTests.m in Sources */ = {isa = PBXBuildFile; fileRef = F20C9D35112A637800C44CDE /* MultipleLoggerTests.m */; };
		F24468F514C63924005D4C0C /* FileDescriptorLoggingTests.m in Sources */ = {isa = PBXBuildFile; fileRef = F29A0B0A1129DEC60066D400 /* FileDescriptorLoggingTests.m */; };
		F24468FF14C6872F005D4C0C /* InfoPlist.strings in Resources */ = {isa = PBXBuildFile; fileRef = F24468FD14C6872F005D4C0C /* InfoPlist.strings */; };
		F244691814C690C3005D4C0C /* MultipleLoggerTests.m in Sources */ = {isa = PBXBuildFile; fileRef = F20C9D35112A637800C44CDE /* MultipleLoggerTests.m */; };
		F244691914C690C3005D4C0C /* FileDescriptorLoggingTests.m in Sources */ = {isa = PBXBuildFile; fileRef = F29A0B0A1129DEC60066D400 /* FileDescriptorLoggingTests.m */; };
		F29A0AA11129DB900066D400 /* main.m in Sources */ = {isa = PBXBuildFile; fileRef = F29A0AA01129DB900066D400 /* main.m */; };
/* End PBXBuildFile section */

/* Begin PBXContainerItemProxy section */
		F20D47C114C74156001D31CA /* PBXContainerItemProxy */ = {
			isa = PBXContainerItemProxy;
			containerPortal = 08FB7793FE84155DC02AAC07 /* Project object */;
			proxyType = 1;
			remoteGlobalIDString = F20D47A014C74062001D31CA;
			remoteInfo = iOSTestRig;
		};
/* End PBXContainerItemProxy section */

/* Begin PBXFileReference section */
		F20C9D35112A637800C44CDE /* MultipleLoggerTests.m */ = {isa = PBXFileReference; fileEncoding = 4; lastKnownFileType = sourcecode.c.objc; name = MultipleLoggerTests.m; path = UnitTests/MultipleLoggerTests.m; sourceTree = "<group>"; };
		F20D47A114C74062001D31CA /* iOSTestRig.app */ = {isa = PBXFileReference; explicitFileType = wrapper.application; includeInIndex = 0; path = iOSTestRig.app; sourceTree = BUILT_PRODUCTS_DIR; };
		F20D47B614C740A3001D31CA /* AppDelegate.h */ = {isa = PBXFileReference; fileEncoding = 4; lastKnownFileType = sourcecode.c.h; path = AppDelegate.h; sourceTree = "<group>"; };
		F20D47B714C740A3001D31CA /* AppDelegate.m */ = {isa = PBXFileReference; fileEncoding = 4; lastKnownFileType = sourcecode.c.objc; path = AppDelegate.m; sourceTree = "<group>"; };
		F20D47B914C740A3001D31CA /* en */ = {isa = PBXFileReference; lastKnownFileType = text.plist.strings; name = en; path = en.lproj/InfoPlist.strings; sourceTree = "<group>"; };
		F20D47BA14C740A3001D31CA /* iOSTestRig-Info.plist */ = {isa = PBXFileReference; fileEncoding = 4; lastKnownFileType = text.plist.xml; path = "iOSTestRig-Info.plist"; sourceTree = "<group>"; };
		F20D47BB14C740A3001D31CA /* iOSTestRig-Prefix.pch */ = {isa = PBXFileReference; fileEncoding = 4; lastKnownFileType = sourcecode.c.h; path = "iOSTestRig-Prefix.pch"; sourceTree = "<group>"; };
		F20D47BC14C740A3001D31CA /* main.m */ = {isa = PBXFileReference; fileEncoding = 4; lastKnownFileType = sourcecode.c.objc; path = main.m; sourceTree = "<group>"; };
		F20D47C314C74306001D31CA /* SOLogger.h */ = {isa = PBXFileReference; fileEncoding = 4; lastKnownFileType = sourcecode.c.h; path = SOLogger.h; sourceTree = "<group>"; };
		F20D47C414C74306001D31CA /* SOLogger.m */ = {isa = PBXFileReference; fileEncoding = 4; lastKnownFileType = sourcecode.c.objc; path = SOLogger.m; sourceTree = "<group>"; };
		F20D47CF14C7446B001D31CA /* UIKit.framework */ = {isa = PBXFileReference; lastKnownFileType = wrapper.framework; name = UIKit.framework; path = Platforms/iPhoneOS.platform/Developer/SDKs/iPhoneOS5.0.sdk/System/Library/Frameworks/UIKit.framework; sourceTree = DEVELOPER_DIR; };
		F24468DD14C638E4005D4C0C /* UnitTestsOSX.octest */ = {isa = PBXFileReference; explicitFileType = wrapper.cfbundle; includeInIndex = 0; path = UnitTestsOSX.octest; sourceTree = BUILT_PRODUCTS_DIR; };
		F24468E914C638E4005D4C0C /* UnitTests-Info.plist */ = {isa = PBXFileReference; lastKnownFileType = text.plist; name = "UnitTests-Info.plist"; path = "UnitTests/UnitTests-Info.plist"; sourceTree = "<group>"; };
		F24468F814C639CC005D4C0C /* SenTestingKit.framework */ = {isa = PBXFileReference; lastKnownFileType = wrapper.framework; name = SenTestingKit.framework; path = Library/Frameworks/SenTestingKit.framework; sourceTree = DEVELOPER_DIR; };
		F24468FA14C63ABF005D4C0C /* Foundation.framework */ = {isa = PBXFileReference; lastKnownFileType = wrapper.framework; name = Foundation.framework; path = System/Library/Frameworks/Foundation.framework; sourceTree = SDKROOT; };
		F24468FE14C6872F005D4C0C /* en */ = {isa = PBXFileReference; lastKnownFileType = text.plist.strings; name = en; path = UnitTests/en.lproj/InfoPlist.strings; sourceTree = SOURCE_ROOT; };
		F244690514C68F89005D4C0C /* UnitTestsIOS.octest */ = {isa = PBXFileReference; explicitFileType = wrapper.cfbundle; includeInIndex = 0; path = UnitTestsIOS.octest; sourceTree = BUILT_PRODUCTS_DIR; };
		F29A0A9F1129DB900066D400 /* Demo_Prefix.pch */ = {isa = PBXFileReference; fileEncoding = 4; lastKnownFileType = sourcecode.c.h; path = Demo_Prefix.pch; sourceTree = "<group>"; };
		F29A0AA01129DB900066D400 /* main.m */ = {isa = PBXFileReference; fileEncoding = 4; lastKnownFileType = sourcecode.c.objc; path = main.m; sourceTree = "<group>"; };
		F29A0ACA1129DC4A0066D400 /* UnitTests_Prefix.pch */ = {isa = PBXFileReference; fileEncoding = 4; lastKnownFileType = sourcecode.c.h; name = UnitTests_Prefix.pch; path = UnitTests/UnitTests_Prefix.pch; sourceTree = "<group>"; };
		F29A0B0A1129DEC60066D400 /* FileDescriptorLoggingTests.m */ = {isa = PBXFileReference; fileEncoding = 4; lastKnownFileType = sourcecode.c.objc; name = FileDescriptorLoggingTests.m; path = UnitTests/FileDescriptorLoggingTests.m; sourceTree = "<group>"; };
		F29A0DC91129EE980066D400 /* SOLoggerDemo */ = {isa = PBXFileReference; explicitFileType = "compiled.mach-o.executable"; includeInIndex = 0; path = SOLoggerDemo; sourceTree = BUILT_PRODUCTS_DIR; };
		F29A0EA01129FEB20066D400 /* UsefulMacros.h */ = {isa = PBXFileReference; fileEncoding = 4; lastKnownFileType = sourcecode.c.h; path = UsefulMacros.h; sourceTree = "<group>"; };
/* End PBXFileReference section */

/* Begin PBXFrameworksBuildPhase section */
		8DD76F9B0486AA7600D96B5E /* Frameworks */ = {
			isa = PBXFrameworksBuildPhase;
			buildActionMask = 2147483647;
			files = (
			);
			runOnlyForDeploymentPostprocessing = 0;
		};
		F20D479E14C74062001D31CA /* Frameworks */ = {
			isa = PBXFrameworksBuildPhase;
			buildActionMask = 2147483647;
			files = (
			);
			runOnlyForDeploymentPostprocessing = 0;
		};
		F24468D914C638E4005D4C0C /* Frameworks */ = {
			isa = PBXFrameworksBuildPhase;
			buildActionMask = 2147483647;
			files = (
			);
			runOnlyForDeploymentPostprocessing = 0;
		};
		F244690114C68F89005D4C0C /* Frameworks */ = {
			isa = PBXFrameworksBuildPhase;
			buildActionMask = 2147483647;
			files = (
			);
			runOnlyForDeploymentPostprocessing = 0;
		};
/* End PBXFrameworksBuildPhase section */

/* Begin PBXGroup section */
		08FB7794FE84155DC02AAC07 /* ASLLogger */ = {
			isa = PBXGroup;
			children = (
				F20D47C314C74306001D31CA /* SOLogger.h */,
				F20D47C414C74306001D31CA /* SOLogger.m */,
				F29A0A9E1129DB900066D400 /* SOLoggerDemo */,
				F29A0A8D1129DB220066D400 /* UnitTests */,
				F29A0EA11129FEBE0066D400 /* Other Sources */,
				08FB779DFE84155DC02AAC07 /* External Frameworks and Libraries */,
				1AB674ADFE9D54B511CA2CBB /* Products */,
			);
			name = ASLLogger;
			sourceTree = "<group>";
		};
		08FB779DFE84155DC02AAC07 /* External Frameworks and Libraries */ = {
			isa = PBXGroup;
			children = (
				F20D47CF14C7446B001D31CA /* UIKit.framework */,
				F24468FA14C63ABF005D4C0C /* Foundation.framework */,
				F24468F814C639CC005D4C0C /* SenTestingKit.framework */,
			);
			name = "External Frameworks and Libraries";
			sourceTree = "<group>";
		};
		1AB674ADFE9D54B511CA2CBB /* Products */ = {
			isa = PBXGroup;
			children = (
				F29A0DC91129EE980066D400 /* SOLoggerDemo */,
				F24468DD14C638E4005D4C0C /* UnitTestsOSX.octest */,
				F244690514C68F89005D4C0C /* UnitTestsIOS.octest */,
				F20D47A114C74062001D31CA /* iOSTestRig.app */,
			);
			name = Products;
			sourceTree = "<group>";
		};
		F20D47B514C740A3001D31CA /* iOSTestRig */ = {
			isa = PBXGroup;
			children = (
				F20D47B614C740A3001D31CA /* AppDelegate.h */,
				F20D47B714C740A3001D31CA /* AppDelegate.m */,
				F20D47B814C740A3001D31CA /* InfoPlist.strings */,
				F20D47BA14C740A3001D31CA /* iOSTestRig-Info.plist */,
				F20D47BB14C740A3001D31CA /* iOSTestRig-Prefix.pch */,
				F20D47BC14C740A3001D31CA /* main.m */,
			);
			name = iOSTestRig;
			path = UnitTests/iOSTestRig;
			sourceTree = SOURCE_ROOT;
		};
		F24468E814C638E4005D4C0C /* Supporting Files */ = {
			isa = PBXGroup;
			children = (
				F24468E914C638E4005D4C0C /* UnitTests-Info.plist */,
				F24468FD14C6872F005D4C0C /* InfoPlist.strings */,
				F20D47B514C740A3001D31CA /* iOSTestRig */,
			);
			name = "Supporting Files";
			path = UnitTestsOSX;
			sourceTree = "<group>";
		};
		F29A0A8D1129DB220066D400 /* UnitTests */ = {
			isa = PBXGroup;
			children = (
				F20C9D35112A637800C44CDE /* MultipleLoggerTests.m */,
				F29A0B0A1129DEC60066D400 /* FileDescriptorLoggingTests.m */,
				F29A0ACA1129DC4A0066D400 /* UnitTests_Prefix.pch */,
				F24468E814C638E4005D4C0C /* Supporting Files */,
			);
			name = UnitTests;
			sourceTree = "<group>";
		};
		F29A0A9E1129DB900066D400 /* SOLoggerDemo */ = {
			isa = PBXGroup;
			children = (
				F29A0A9F1129DB900066D400 /* Demo_Prefix.pch */,
				F29A0AA01129DB900066D400 /* main.m */,
			);
			path = SOLoggerDemo;
			sourceTree = "<group>";
		};
		F29A0EA11129FEBE0066D400 /* Other Sources */ = {
			isa = PBXGroup;
			children = (
				F29A0EA01129FEB20066D400 /* UsefulMacros.h */,
			);
			name = "Other Sources";
			sourceTree = "<group>";
		};
/* End PBXGroup section */

/* Begin PBXNativeTarget section */
		8DD76F960486AA7600D96B5E /* SOLoggerDemo */ = {
			isa = PBXNativeTarget;
			buildConfigurationList = 1DEB927408733DD40010E9CD /* Build configuration list for PBXNativeTarget "SOLoggerDemo" */;
			buildPhases = (
				8DD76F990486AA7600D96B5E /* Sources */,
				8DD76F9B0486AA7600D96B5E /* Frameworks */,
			);
			buildRules = (
			);
			dependencies = (
			);
			name = SOLoggerDemo;
			productInstallPath = "$(HOME)/bin";
			productName = ASLLogger;
			productReference = F29A0DC91129EE980066D400 /* SOLoggerDemo */;
			productType = "com.apple.product-type.tool";
		};
		F20D47A014C74062001D31CA /* iOSTestRig */ = {
			isa = PBXNativeTarget;
			buildConfigurationList = F20D47B214C74062001D31CA /* Build configuration list for PBXNativeTarget "iOSTestRig" */;
			buildPhases = (
				F20D479D14C74062001D31CA /* Sources */,
				F20D479E14C74062001D31CA /* Frameworks */,
				F20D479F14C74062001D31CA /* Resources */,
			);
			buildRules = (
			);
			dependencies = (
			);
			name = iOSTestRig;
			productName = iOSTestRig;
			productReference = F20D47A114C74062001D31CA /* iOSTestRig.app */;
			productType = "com.apple.product-type.application";
		};
		F24468DC14C638E4005D4C0C /* UnitTestsOSX */ = {
			isa = PBXNativeTarget;
			buildConfigurationList = F24468F114C638E5005D4C0C /* Build configuration list for PBXNativeTarget "UnitTestsOSX" */;
			buildPhases = (
				F24468D814C638E4005D4C0C /* Sources */,
				F24468D914C638E4005D4C0C /* Frameworks */,
				F24468DA14C638E4005D4C0C /* Resources */,
				F24468DB14C638E4005D4C0C /* ShellScript */,
			);
			buildRules = (
			);
			dependencies = (
			);
			name = UnitTestsOSX;
			productName = UnitTestsOSX;
			productReference = F24468DD14C638E4005D4C0C /* UnitTestsOSX.octest */;
			productType = "com.apple.product-type.bundle";
		};
		F244690414C68F89005D4C0C /* UnitTestsIOS */ = {
			isa = PBXNativeTarget;
			buildConfigurationList = F244691514C68F8A005D4C0C /* Build configuration list for PBXNativeTarget "UnitTestsIOS" */;
			buildPhases = (
				F244690014C68F89005D4C0C /* Sources */,
				F244690114C68F89005D4C0C /* Frameworks */,
				F244690214C68F89005D4C0C /* Resources */,
				F244690314C68F89005D4C0C /* ShellScript */,
			);
			buildRules = (
			);
			dependencies = (
				F20D47C214C74156001D31CA /* PBXTargetDependency */,
			);
			name = UnitTestsIOS;
			productName = UnitTestsIOS;
			productReference = F244690514C68F89005D4C0C /* UnitTestsIOS.octest */;
			productType = "com.apple.product-type.bundle";
		};
/* End PBXNativeTarget section */

/* Begin PBXProject section */
		08FB7793FE84155DC02AAC07 /* Project object */ = {
			isa = PBXProject;
			attributes = {
				LastUpgradeCheck = 0420;
			};
			buildConfigurationList = 1DEB927808733DD40010E9CD /* Build configuration list for PBXProject "SOLogger" */;
			compatibilityVersion = "Xcode 3.2";
			developmentRegion = English;
			hasScannedForEncodings = 1;
			knownRegions = (
				English,
				Japanese,
				French,
				German,
				en,
			);
			mainGroup = 08FB7794FE84155DC02AAC07 /* ASLLogger */;
			projectDirPath = "";
			projectRoot = "";
			targets = (
				8DD76F960486AA7600D96B5E /* SOLoggerDemo */,
				F24468DC14C638E4005D4C0C /* UnitTestsOSX */,
				F244690414C68F89005D4C0C /* UnitTestsIOS */,
				F20D47A014C74062001D31CA /* iOSTestRig */,
			);
		};
/* End PBXProject section */

/* Begin PBXResourcesBuildPhase section */
		F20D479F14C74062001D31CA /* Resources */ = {
			isa = PBXResourcesBuildPhase;
			buildActionMask = 2147483647;
			files = (
				F20D47BE14C740A3001D31CA /* InfoPlist.strings in Resources */,
			);
			runOnlyForDeploymentPostprocessing = 0;
		};
		F24468DA14C638E4005D4C0C /* Resources */ = {
			isa = PBXResourcesBuildPhase;
			buildActionMask = 2147483647;
			files = (
				F24468EC14C638E4005D4C0C /* InfoPlist.strings in Resources */,
				F24468FF14C6872F005D4C0C /* InfoPlist.strings in Resources */,
			);
			runOnlyForDeploymentPostprocessing = 0;
		};
		F244690214C68F89005D4C0C /* Resources */ = {
			isa = PBXResourcesBuildPhase;
			buildActionMask = 2147483647;
			files = (
			);
			runOnlyForDeploymentPostprocessing = 0;
		};
/* End PBXResourcesBuildPhase section */

/* Begin PBXShellScriptBuildPhase section */
		F24468DB14C638E4005D4C0C /* ShellScript */ = {
			isa = PBXShellScriptBuildPhase;
			buildActionMask = 2147483647;
			files = (
			);
			inputPaths = (
			);
			outputPaths = (
			);
			runOnlyForDeploymentPostprocessing = 0;
			shellPath = /bin/sh;
			shellScript = "# Run the unit tests in this test bundle.\n\"${SYSTEM_DEVELOPER_DIR}/Tools/RunUnitTests\"\n";
		};
		F244690314C68F89005D4C0C /* ShellScript */ = {
			isa = PBXShellScriptBuildPhase;
			buildActionMask = 2147483647;
			files = (
			);
			inputPaths = (
			);
			outputPaths = (
			);
			runOnlyForDeploymentPostprocessing = 0;
			shellPath = /bin/sh;
			shellScript = "# Run the unit tests in this test bundle.\n\"${SYSTEM_DEVELOPER_DIR}/Tools/RunUnitTests\"\n";
		};
/* End PBXShellScriptBuildPhase section */

/* Begin PBXSourcesBuildPhase section */
		8DD76F990486AA7600D96B5E /* Sources */ = {
			isa = PBXSourcesBuildPhase;
			buildActionMask = 2147483647;
			files = (
				F29A0AA11129DB900066D400 /* main.m in Sources */,
				F20D47C514C74306001D31CA /* SOLogger.m in Sources */,
			);
			runOnlyForDeploymentPostprocessing = 0;
		};
		F20D479D14C74062001D31CA /* Sources */ = {
			isa = PBXSourcesBuildPhase;
			buildActionMask = 2147483647;
			files = (
				F20D47BD14C740A3001D31CA /* AppDelegate.m in Sources */,
				F20D47C014C740A3001D31CA /* main.m in Sources */,
			);
			runOnlyForDeploymentPostprocessing = 0;
		};
		F24468D814C638E4005D4C0C /* Sources */ = {
			isa = PBXSourcesBuildPhase;
			buildActionMask = 2147483647;
			files = (
				F24468F414C63924005D4C0C /* MultipleLoggerTests.m in Sources */,
				F24468F514C63924005D4C0C /* FileDescriptorLoggingTests.m in Sources */,
				F20D47C614C74306001D31CA /* SOLogger.m in Sources */,
			);
			runOnlyForDeploymentPostprocessing = 0;
		};
		F244690014C68F89005D4C0C /* Sources */ = {
			isa = PBXSourcesBuildPhase;
			buildActionMask = 2147483647;
			files = (
				F244691814C690C3005D4C0C /* MultipleLoggerTests.m in Sources */,
				F244691914C690C3005D4C0C /* FileDescriptorLoggingTests.m in Sources */,
				F20D47C714C74306001D31CA /* SOLogger.m in Sources */,
			);
			runOnlyForDeploymentPostprocessing = 0;
		};
/* End PBXSourcesBuildPhase section */

/* Begin PBXTargetDependency section */
		F20D47C214C74156001D31CA /* PBXTargetDependency */ = {
			isa = PBXTargetDependency;
			target = F20D47A014C74062001D31CA /* iOSTestRig */;
			targetProxy = F20D47C114C74156001D31CA /* PBXContainerItemProxy */;
		};
/* End PBXTargetDependency section */

/* Begin PBXVariantGroup section */
		F20D47B814C740A3001D31CA /* InfoPlist.strings */ = {
			isa = PBXVariantGroup;
			children = (
				F20D47B914C740A3001D31CA /* en */,
			);
			name = InfoPlist.strings;
			sourceTree = "<group>";
		};
		F24468EA14C638E4005D4C0C /* InfoPlist.strings */ = {
			isa = PBXVariantGroup;
			children = (
			);
			name = InfoPlist.strings;
			path = /Users/stdorbit/Desktop/sologger/UnitTests;
			sourceTree = "<absolute>";
		};
		F24468FD14C6872F005D4C0C /* InfoPlist.strings */ = {
			isa = PBXVariantGroup;
			children = (
				F24468FE14C6872F005D4C0C /* en */,
			);
			name = InfoPlist.strings;
			sourceTree = "<group>";
		};
/* End PBXVariantGroup section */

/* Begin XCBuildConfiguration section */
		1DEB927508733DD40010E9CD /* Debug */ = {
			isa = XCBuildConfiguration;
			buildSettings = {
				DEBUG_INFORMATION_FORMAT = "dwarf-with-dsym";
				GCC_OPTIMIZATION_LEVEL = 0;
				GCC_PRECOMPILE_PREFIX_HEADER = YES;
				GCC_PREFIX_HEADER = SOLoggerDemo/Demo_Prefix.pch;
				GCC_PREPROCESSOR_DEFINITIONS = "DEBUG=1";
				OTHER_LDFLAGS = (
					"-framework",
					Foundation,
					"-framework",
					AppKit,
				);
				PRODUCT_NAME = SOLoggerDemo;
			};
			name = Debug;
		};
		1DEB927608733DD40010E9CD /* Release */ = {
			isa = XCBuildConfiguration;
			buildSettings = {
				DEBUG_INFORMATION_FORMAT = "dwarf-with-dsym";
				GCC_PRECOMPILE_PREFIX_HEADER = YES;
				GCC_PREFIX_HEADER = SOLoggerDemo/Demo_Prefix.pch;
				INSTALL_PATH = /usr/local/bin;
				OTHER_LDFLAGS = (
					"-framework",
					Foundation,
					"-framework",
					AppKit,
				);
				PRODUCT_NAME = SOLoggerDemo;
			};
			name = Release;
		};
		1DEB927908733DD40010E9CD /* Debug */ = {
			isa = XCBuildConfiguration;
			buildSettings = {
				GCC_C_LANGUAGE_STANDARD = gnu99;
				MACOSX_DEPLOYMENT_TARGET = 10.6;
				SDKROOT = macosx10.6;
			};
			name = Debug;
		};
		1DEB927A08733DD40010E9CD /* Release */ = {
			isa = XCBuildConfiguration;
			buildSettings = {
				GCC_C_LANGUAGE_STANDARD = gnu99;
				MACOSX_DEPLOYMENT_TARGET = 10.6;
				SDKROOT = macosx10.6;
			};
			name = Release;
		};
		F20D47B314C74062001D31CA /* Debug */ = {
			isa = XCBuildConfiguration;
			buildSettings = {
				ALWAYS_SEARCH_USER_PATHS = NO;
				ARCHS = "$(ARCHS_STANDARD_32_BIT)";
				"CODE_SIGN_IDENTITY[sdk=iphoneos*]" = "iPhone Developer";
				COPY_PHASE_STRIP = NO;
				FRAMEWORK_SEARCH_PATHS = (
					"$(inherited)",
					"\"$(DEVELOPER_FRAMEWORKS_DIR)\"",
				);
				GCC_DYNAMIC_NO_PIC = NO;
				GCC_OPTIMIZATION_LEVEL = 0;
				GCC_PRECOMPILE_PREFIX_HEADER = YES;
				GCC_PREFIX_HEADER = "UnitTests/iOSTestRig/iOSTestRig-Prefix.pch";
				GCC_PREPROCESSOR_DEFINITIONS = (
					"DEBUG=1",
					"$(inherited)",
				);
				GCC_SYMBOLS_PRIVATE_EXTERN = NO;
				GCC_VERSION = com.apple.compilers.llvm.clang.1_0;
				GCC_WARN_ABOUT_MISSING_PROTOTYPES = YES;
				GCC_WARN_ABOUT_RETURN_TYPE = YES;
				GCC_WARN_UNUSED_VARIABLE = YES;
				INFOPLIST_FILE = "UnitTests/iOSTestRig/iOSTestRig-Info.plist";
				IPHONEOS_DEPLOYMENT_TARGET = 4.3;
				OTHER_LDFLAGS = (
					"-framework",
					Foundation,
					"-framework",
					UIKit,
				);
				PRODUCT_NAME = "$(TARGET_NAME)";
				SDKROOT = iphoneos;
				TARGETED_DEVICE_FAMILY = "1,2";
				WARNING_CFLAGS = "-Wall";
				WRAPPER_EXTENSION = app;
			};
			name = Debug;
		};
		F20D47B414C74062001D31CA /* Release */ = {
			isa = XCBuildConfiguration;
			buildSettings = {
				ALWAYS_SEARCH_USER_PATHS = NO;
				ARCHS = "$(ARCHS_STANDARD_32_BIT)";
				"CODE_SIGN_IDENTITY[sdk=iphoneos*]" = "iPhone Developer";
				COPY_PHASE_STRIP = YES;
				FRAMEWORK_SEARCH_PATHS = (
					"$(inherited)",
					"\"$(DEVELOPER_FRAMEWORKS_DIR)\"",
				);
				GCC_PRECOMPILE_PREFIX_HEADER = YES;
				GCC_PREFIX_HEADER = "UnitTests/iOSTestRig/iOSTestRig-Prefix.pch";
				GCC_VERSION = com.apple.compilers.llvm.clang.1_0;
				GCC_WARN_ABOUT_MISSING_PROTOTYPES = YES;
				GCC_WARN_ABOUT_RETURN_TYPE = YES;
				GCC_WARN_UNUSED_VARIABLE = YES;
				INFOPLIST_FILE = "UnitTests/iOSTestRig/iOSTestRig-Info.plist";
				IPHONEOS_DEPLOYMENT_TARGET = 4.3;
				OTHER_LDFLAGS = (
					"-framework",
					Foundation,
					"-framework",
					UIKit,
				);
				PRODUCT_NAME = "$(TARGET_NAME)";
				SDKROOT = iphoneos;
				TARGETED_DEVICE_FAMILY = "1,2";
				WARNING_CFLAGS = "-Wall";
				WRAPPER_EXTENSION = app;
			};
			name = Release;
		};
		F24468F214C638E5005D4C0C /* Debug */ = {
			isa = XCBuildConfiguration;
			buildSettings = {
				ALWAYS_SEARCH_USER_PATHS = NO;
				ARCHS = "$(ARCHS_STANDARD_32_64_BIT)";
				COPY_PHASE_STRIP = NO;
				DEBUG_INFORMATION_FORMAT = "dwarf-with-dsym";
				FRAMEWORK_SEARCH_PATHS = "$(DEVELOPER_LIBRARY_DIR)/Frameworks";
				GCC_DYNAMIC_NO_PIC = NO;
				GCC_ENABLE_OBJC_EXCEPTIONS = YES;
				GCC_OPTIMIZATION_LEVEL = 0;
				GCC_PRECOMPILE_PREFIX_HEADER = YES;
				GCC_PREFIX_HEADER = UnitTests/UnitTests_Prefix.pch;
				GCC_PREPROCESSOR_DEFINITIONS = (
					"DEBUG=1",
					"$(inherited)",
				);
				GCC_SYMBOLS_PRIVATE_EXTERN = NO;
				GCC_VERSION = com.apple.compilers.llvm.clang.1_0;
				GCC_WARN_64_TO_32_BIT_CONVERSION = YES;
				GCC_WARN_ABOUT_MISSING_PROTOTYPES = YES;
				GCC_WARN_ABOUT_RETURN_TYPE = YES;
				GCC_WARN_UNUSED_VARIABLE = YES;
				INFOPLIST_FILE = "UnitTests/UnitTests-Info.plist";
				ONLY_ACTIVE_ARCH = YES;
				OTHER_LDFLAGS = (
					"-framework",
					Foundation,
					"-framework",
					SenTestingKit,
				);
				PRODUCT_NAME = "$(TARGET_NAME)";
				SDKROOT = macosx10.6;
				WARNING_CFLAGS = "-Wall";
				WRAPPER_EXTENSION = octest;
			};
			name = Debug;
		};
		F24468F314C638E5005D4C0C /* Release */ = {
			isa = XCBuildConfiguration;
			buildSettings = {
				ALWAYS_SEARCH_USER_PATHS = NO;
				ARCHS = "$(ARCHS_STANDARD_32_64_BIT)";
				COPY_PHASE_STRIP = YES;
				DEBUG_INFORMATION_FORMAT = "dwarf-with-dsym";
				FRAMEWORK_SEARCH_PATHS = "$(DEVELOPER_LIBRARY_DIR)/Frameworks";
				GCC_ENABLE_OBJC_EXCEPTIONS = YES;
				GCC_PRECOMPILE_PREFIX_HEADER = YES;
				GCC_PREFIX_HEADER = UnitTests/UnitTests_Prefix.pch;
				GCC_VERSION = com.apple.compilers.llvm.clang.1_0;
				GCC_WARN_64_TO_32_BIT_CONVERSION = YES;
				GCC_WARN_ABOUT_MISSING_PROTOTYPES = YES;
				GCC_WARN_ABOUT_RETURN_TYPE = YES;
				GCC_WARN_UNUSED_VARIABLE = YES;
				INFOPLIST_FILE = "UnitTests/UnitTests-Info.plist";
				OTHER_LDFLAGS = (
					"-framework",
					Foundation,
					"-framework",
					SenTestingKit,
				);
				PRODUCT_NAME = "$(TARGET_NAME)";
				SDKROOT = macosx10.6;
				WARNING_CFLAGS = "-Wall";
				WRAPPER_EXTENSION = octest;
			};
			name = Release;
		};
		F244691614C68F8A005D4C0C /* Debug */ = {
			isa = XCBuildConfiguration;
			buildSettings = {
				ALWAYS_SEARCH_USER_PATHS = NO;
				ARCHS = "$(ARCHS_STANDARD_32_BIT)";
				BUNDLE_LOADER = "$(BUILT_PRODUCTS_DIR)/iOSTestRig.app/iOSTestRig";
				COPY_PHASE_STRIP = NO;
				FRAMEWORK_SEARCH_PATHS = (
					"$(SDKROOT)/Developer/Library/Frameworks",
					"$(DEVELOPER_LIBRARY_DIR)/Frameworks",
				);
				GCC_DYNAMIC_NO_PIC = NO;
				GCC_OPTIMIZATION_LEVEL = 0;
				GCC_PRECOMPILE_PREFIX_HEADER = YES;
				GCC_PREFIX_HEADER = UnitTests/UnitTests_Prefix.pch;
				GCC_PREPROCESSOR_DEFINITIONS = (
					"DEBUG=1",
					"$(inherited)",
				);
				GCC_SYMBOLS_PRIVATE_EXTERN = NO;
				GCC_VERSION = com.apple.compilers.llvm.clang.1_0;
				GCC_WARN_ABOUT_MISSING_PROTOTYPES = YES;
				GCC_WARN_ABOUT_RETURN_TYPE = YES;
				GCC_WARN_UNUSED_VARIABLE = YES;
				INFOPLIST_FILE = "UnitTests/UnitTests-Info.plist";
				IPHONEOS_DEPLOYMENT_TARGET = 5.0;
				OTHER_LDFLAGS = (
					"-framework",
					Foundation,
					"-framework",
					SenTestingKit,
				);
				PRODUCT_NAME = "$(TARGET_NAME)";
				SDKROOT = iphoneos;
				TEST_HOST = "$(BUNDLE_LOADER)";
				WRAPPER_EXTENSION = octest;
			};
			name = Debug;
		};
		F244691714C68F8A005D4C0C /* Release */ = {
			isa = XCBuildConfiguration;
			buildSettings = {
				ALWAYS_SEARCH_USER_PATHS = NO;
				ARCHS = "$(ARCHS_STANDARD_32_BIT)";
				BUNDLE_LOADER = "$(BUILT_PRODUCTS_DIR)/iOSTestRig.app/iOSTestRig";
				COPY_PHASE_STRIP = YES;
				FRAMEWORK_SEARCH_PATHS = (
					"$(SDKROOT)/Developer/Library/Frameworks",
					"$(DEVELOPER_LIBRARY_DIR)/Frameworks",
				);
				GCC_PRECOMPILE_PREFIX_HEADER = YES;
				GCC_PREFIX_HEADER = UnitTests/UnitTests_Prefix.pch;
				GCC_VERSION = com.apple.compilers.llvm.clang.1_0;
				GCC_WARN_ABOUT_MISSING_PROTOTYPES = YES;
				GCC_WARN_ABOUT_RETURN_TYPE = YES;
				GCC_WARN_UNUSED_VARIABLE = YES;
				INFOPLIST_FILE = "UnitTests/UnitTests-Info.plist";
				IPHONEOS_DEPLOYMENT_TARGET = 5.0;
				OTHER_LDFLAGS = (
					"-framework",
					Foundation,
					"-framework",
					SenTestingKit,
				);
				PRODUCT_NAME = "$(TARGET_NAME)";
				SDKROOT = iphoneos;
				TEST_HOST = "$(BUNDLE_LOADER)";
				VALIDATE_PRODUCT = YES;
				WRAPPER_EXTENSION = octest;
			};
			name = Release;
		};
/* End XCBuildConfiguration section */

/* Begin XCConfigurationList section */
		1DEB927408733DD40010E9CD /* Build configuration list for PBXNativeTarget "SOLoggerDemo" */ = {
			isa = XCConfigurationList;
			buildConfigurations = (
				1DEB927508733DD40010E9CD /* Debug */,
				1DEB927608733DD40010E9CD /* Release */,
			);
			defaultConfigurationIsVisible = 0;
			defaultConfigurationName = Release;
		};
		1DEB927808733DD40010E9CD /* Build configuration list for PBXProject "SOLogger" */ = {
			isa = XCConfigurationList;
			buildConfigurations = (
				1DEB927908733DD40010E9CD /* Debug */,
				1DEB927A08733DD40010E9CD /* Release */,
			);
			defaultConfigurationIsVisible = 0;
			defaultConfigurationName = Release;
		};
		F20D47B214C74062001D31CA /* Build configuration list for PBXNativeTarget "iOSTestRig" */ = {
			isa = XCConfigurationList;
			buildConfigurations = (
				F20D47B314C74062001D31CA /* Debug */,
				F20D47B414C74062001D31CA /* Release */,
			);
			defaultConfigurationIsVisible = 0;
			defaultConfigurationName = Release;
		};
		F24468F114C638E5005D4C0C /* Build configuration list for PBXNativeTarget "UnitTestsOSX" */ = {
			isa = XCConfigurationList;
			buildConfigurations = (
				F24468F214C638E5005D4C0C /* Debug */,
				F24468F314C638E5005D4C0C /* Release */,
			);
			defaultConfigurationIsVisible = 0;
			defaultConfigurationName = Release;
		};
		F244691514C68F8A005D4C0C /* Build configuration list for PBXNativeTarget "UnitTestsIOS" */ = {
			isa = XCConfigurationList;
			buildConfigurations = (
				F244691614C68F8A005D4C0C /* Debug */,
				F244691714C68F8A005D4C0C /* Release */,
			);
			defaultConfigurationIsVisible = 0;
			defaultConfigurationName = Release;
		};
/* End XCConfigurationList section */
	};
	rootObject = 08FB7793FE84155DC02AAC07 /* Project object */;
}
